
Microsoft Visual Studio Solution File, Format Version 12.00
# Visual Studio Version 17
VisualStudioVersion = 17.0.32112.339
MinimumVisualStudioVersion = 10.0.40219.1
Project("{8BC9CEB8-8B4A-11D0-8D11-00A0C91BC942}") = "first", "first\first.vcxproj", "{0E9089AF-63F1-4CB2-9CAC-BF33AAA7ADAB}"
EndProject
Project("{8BC9CEB8-8B4A-11D0-8D11-00A0C91BC942}") = "PZ_2", "PZ_2\PZ_2.vcxproj", "{75F357E6-F788-402E-A7B4-8ABBFD97708E}"
EndProject
Project("{8BC9CEB8-8B4A-11D0-8D11-00A0C91BC942}") = "PZ_3_1", "PZ_3_1\PZ_3_1.vcxproj", "{4F373189-7166-4F99-B805-C62B38939552}"
EndProject
Project("{8BC9CEB8-8B4A-11D0-8D11-00A0C91BC942}") = "PZ_3_2", "PZ_3_2\PZ_3_2.vcxproj", "{594D19D3-F87F-4CFA-BEFA-EF07CE9DCC8E}"
EndProject
Project("{8BC9CEB8-8B4A-11D0-8D11-00A0C91BC942}") = "PZ_4_1", "PZ_4_1\PZ_4_1.vcxproj", "{A14F9300-08CE-413C-BDB8-7FE768531A6F}"
EndProject
Project("{8BC9CEB8-8B4A-11D0-8D11-00A0C91BC942}") = "PZ_4_2", "PZ_4_2\PZ_4_2.vcxproj", "{24837295-FE54-4E34-AB73-34411A0626BE}"
EndProject
Project("{8BC9CEB8-8B4A-11D0-8D11-00A0C91BC942}") = "PZ_5_1", "PZ_5_1\PZ_5_1.vcxproj", "{AD3D1923-F759-4325-BDF6-4AEB4B0423B8}"
EndProject
Project("{8BC9CEB8-8B4A-11D0-8D11-00A0C91BC942}") = "PZ_5_2", "PZ_5_2\PZ_5_2.vcxproj", "{73E9AF91-C99B-4A03-A54B-B3C65152490E}"
EndProject
Project("{8BC9CEB8-8B4A-11D0-8D11-00A0C91BC942}") = "PZ_6_1", "PZ_6_1\PZ_6_1.vcxproj", "{BC560AD2-DA01-46E6-A246-F53A5E6682BB}"
EndProject
Project("{8BC9CEB8-8B4A-11D0-8D11-00A0C91BC942}") = "PZ_6_3", "PZ_6_3\PZ_6_3.vcxproj", "{C65CE9D2-A2C7-482C-ADAC-9D796526DC57}"
EndProject
Global
	GlobalSection(SolutionConfigurationPlatforms) = preSolution
		Debug|x64 = Debug|x64
		Debug|x86 = Debug|x86
		Release|x64 = Release|x64
		Release|x86 = Release|x86
	EndGlobalSection
	GlobalSection(ProjectConfigurationPlatforms) = postSolution
		{0E9089AF-63F1-4CB2-9CAC-BF33AAA7ADAB}.Debug|x64.ActiveCfg = Debug|x64
		{0E9089AF-63F1-4CB2-9CAC-BF33AAA7ADAB}.Debug|x64.Build.0 = Debug|x64
		{0E9089AF-63F1-4CB2-9CAC-BF33AAA7ADAB}.Debug|x86.ActiveCfg = Debug|Win32
		{0E9089AF-63F1-4CB2-9CAC-BF33AAA7ADAB}.Debug|x86.Build.0 = Debug|Win32
		{0E9089AF-63F1-4CB2-9CAC-BF33AAA7ADAB}.Release|x64.ActiveCfg = Release|x64
		{0E9089AF-63F1-4CB2-9CAC-BF33AAA7ADAB}.Release|x64.Build.0 = Release|x64
		{0E9089AF-63F1-4CB2-9CAC-BF33AAA7ADAB}.Release|x86.ActiveCfg = Release|Win32
		{0E9089AF-63F1-4CB2-9CAC-BF33AAA7ADAB}.Release|x86.Build.0 = Release|Win32
		{75F357E6-F788-402E-A7B4-8ABBFD97708E}.Debug|x64.ActiveCfg = Debug|x64
		{75F357E6-F788-402E-A7B4-8ABBFD97708E}.Debug|x64.Build.0 = Debug|x64
		{75F357E6-F788-402E-A7B4-8ABBFD97708E}.Debug|x86.ActiveCfg = Debug|Win32
		{75F357E6-F788-402E-A7B4-8ABBFD97708E}.Debug|x86.Build.0 = Debug|Win32
		{75F357E6-F788-402E-A7B4-8ABBFD97708E}.Release|x64.ActiveCfg = Release|x64
		{75F357E6-F788-402E-A7B4-8ABBFD97708E}.Release|x64.Build.0 = Release|x64
		{75F357E6-F788-402E-A7B4-8ABBFD97708E}.Release|x86.ActiveCfg = Release|Win32
		{75F357E6-F788-402E-A7B4-8ABBFD97708E}.Release|x86.Build.0 = Release|Win32
		{4F373189-7166-4F99-B805-C62B38939552}.Debug|x64.ActiveCfg = Debug|x64
		{4F373189-7166-4F99-B805-C62B38939552}.Debug|x64.Build.0 = Debug|x64
		{4F373189-7166-4F99-B805-C62B38939552}.Debug|x86.ActiveCfg = Debug|Win32
		{4F373189-7166-4F99-B805-C62B38939552}.Debug|x86.Build.0 = Debug|Win32
		{4F373189-7166-4F99-B805-C62B38939552}.Release|x64.ActiveCfg = Release|x64
		{4F373189-7166-4F99-B805-C62B38939552}.Release|x64.Build.0 = Release|x64
		{4F373189-7166-4F99-B805-C62B38939552}.Release|x86.ActiveCfg = Release|Win32
		{4F373189-7166-4F99-B805-C62B38939552}.Release|x86.Build.0 = Release|Win32
		{594D19D3-F87F-4CFA-BEFA-EF07CE9DCC8E}.Debug|x64.ActiveCfg = Debug|x64
		{594D19D3-F87F-4CFA-BEFA-EF07CE9DCC8E}.Debug|x64.Build.0 = Debug|x64
		{594D19D3-F87F-4CFA-BEFA-EF07CE9DCC8E}.Debug|x86.ActiveCfg = Debug|Win32
		{594D19D3-F87F-4CFA-BEFA-EF07CE9DCC8E}.Debug|x86.Build.0 = Debug|Win32
		{594D19D3-F87F-4CFA-BEFA-EF07CE9DCC8E}.Release|x64.ActiveCfg = Release|x64
		{594D19D3-F87F-4CFA-BEFA-EF07CE9DCC8E}.Release|x64.Build.0 = Release|x64
		{594D19D3-F87F-4CFA-BEFA-EF07CE9DCC8E}.Release|x86.ActiveCfg = Release|Win32
		{594D19D3-F87F-4CFA-BEFA-EF07CE9DCC8E}.Release|x86.Build.0 = Release|Win32
		{A14F9300-08CE-413C-BDB8-7FE768531A6F}.Debug|x64.ActiveCfg = Debug|x64
		{A14F9300-08CE-413C-BDB8-7FE768531A6F}.Debug|x64.Build.0 = Debug|x64
		{A14F9300-08CE-413C-BDB8-7FE768531A6F}.Debug|x86.ActiveCfg = Debug|Win32
		{A14F9300-08CE-413C-BDB8-7FE768531A6F}.Debug|x86.Build.0 = Debug|Win32
		{A14F9300-08CE-413C-BDB8-7FE768531A6F}.Release|x64.ActiveCfg = Release|x64
		{A14F9300-08CE-413C-BDB8-7FE768531A6F}.Release|x64.Build.0 = Release|x64
		{A14F9300-08CE-413C-BDB8-7FE768531A6F}.Release|x86.ActiveCfg = Release|Win32
		{A14F9300-08CE-413C-BDB8-7FE768531A6F}.Release|x86.Build.0 = Release|Win32
		{24837295-FE54-4E34-AB73-34411A0626BE}.Debug|x64.ActiveCfg = Debug|x64
		{24837295-FE54-4E34-AB73-34411A0626BE}.Debug|x64.Build.0 = Debug|x64
		{24837295-FE54-4E34-AB73-34411A0626BE}.Debug|x86.ActiveCfg = Debug|Win32
		{24837295-FE54-4E34-AB73-34411A0626BE}.Debug|x86.Build.0 = Debug|Win32
		{24837295-FE54-4E34-AB73-34411A0626BE}.Release|x64.ActiveCfg = Release|x64
		{24837295-FE54-4E34-AB73-34411A0626BE}.Release|x64.Build.0 = Release|x64
		{24837295-FE54-4E34-AB73-34411A0626BE}.Release|x86.ActiveCfg = Release|Win32
		{24837295-FE54-4E34-AB73-34411A0626BE}.Release|x86.Build.0 = Release|Win32
		{AD3D1923-F759-4325-BDF6-4AEB4B0423B8}.Debug|x64.ActiveCfg = Debug|x64
		{AD3D1923-F759-4325-BDF6-4AEB4B0423B8}.Debug|x64.Build.0 = Debug|x64
		{AD3D1923-F759-4325-BDF6-4AEB4B0423B8}.Debug|x86.ActiveCfg = Debug|Win32
		{AD3D1923-F759-4325-BDF6-4AEB4B0423B8}.Debug|x86.Build.0 = Debug|Win32
		{AD3D1923-F759-4325-BDF6-4AEB4B0423B8}.Release|x64.ActiveCfg = Release|x64
		{AD3D1923-F759-4325-BDF6-4AEB4B0423B8}.Release|x64.Build.0 = Release|x64
		{AD3D1923-F759-4325-BDF6-4AEB4B0423B8}.Release|x86.ActiveCfg = Release|Win32
		{AD3D1923-F759-4325-BDF6-4AEB4B0423B8}.Release|x86.Build.0 = Release|Win32
		{73E9AF91-C99B-4A03-A54B-B3C65152490E}.Debug|x64.ActiveCfg = Debug|x64
		{73E9AF91-C99B-4A03-A54B-B3C65152490E}.Debug|x64.Build.0 = Debug|x64
		{73E9AF91-C99B-4A03-A54B-B3C65152490E}.Debug|x86.ActiveCfg = Debug|Win32
		{73E9AF91-C99B-4A03-A54B-B3C65152490E}.Debug|x86.Build.0 = Debug|Win32
		{73E9AF91-C99B-4A03-A54B-B3C65152490E}.Release|x64.ActiveCfg = Release|x64
		{73E9AF91-C99B-4A03-A54B-B3C65152490E}.Release|x64.Build.0 = Release|x64
		{73E9AF91-C99B-4A03-A54B-B3C65152490E}.Release|x86.ActiveCfg = Release|Win32
		{73E9AF91-C99B-4A03-A54B-B3C65152490E}.Release|x86.Build.0 = Release|Win32
		{BC560AD2-DA01-46E6-A246-F53A5E6682BB}.Debug|x64.ActiveCfg = Debug|x64
		{BC560AD2-DA01-46E6-A246-F53A5E6682BB}.Debug|x64.Build.0 = Debug|x64
		{BC560AD2-DA01-46E6-A246-F53A5E6682BB}.Debug|x86.ActiveCfg = Debug|Win32
		{BC560AD2-DA01-46E6-A246-F53A5E6682BB}.Debug|x86.Build.0 = Debug|Win32
		{BC560AD2-DA01-46E6-A246-F53A5E6682BB}.Release|x64.ActiveCfg = Release|x64
		{BC560AD2-DA01-46E6-A246-F53A5E6682BB}.Release|x64.Build.0 = Release|x64
		{BC560AD2-DA01-46E6-A246-F53A5E6682BB}.Release|x86.ActiveCfg = Release|Win32
		{BC560AD2-DA01-46E6-A246-F53A5E6682BB}.Release|x86.Build.0 = Release|Win32
		{C65CE9D2-A2C7-482C-ADAC-9D796526DC57}.Debug|x64.ActiveCfg = Debug|x64
		{C65CE9D2-A2C7-482C-ADAC-9D796526DC57}.Debug|x64.Build.0 = Debug|x64
		{C65CE9D2-A2C7-482C-ADAC-9D796526DC57}.Debug|x86.ActiveCfg = Debug|Win32
		{C65CE9D2-A2C7-482C-ADAC-9D796526DC57}.Debug|x86.Build.0 = Debug|Win32
		{C65CE9D2-A2C7-482C-ADAC-9D796526DC57}.Release|x64.ActiveCfg = Release|x64
		{C65CE9D2-A2C7-482C-ADAC-9D796526DC57}.Release|x64.Build.0 = Release|x64
		{C65CE9D2-A2C7-482C-ADAC-9D796526DC57}.Release|x86.ActiveCfg = Release|Win32
		{C65CE9D2-A2C7-482C-ADAC-9D796526DC57}.Release|x86.Build.0 = Release|Win32
	EndGlobalSection
	GlobalSection(SolutionProperties) = preSolution
		HideSolutionNode = FALSE
	EndGlobalSection
	GlobalSection(ExtensibilityGlobals) = postSolution
		SolutionGuid = {165937CA-3EE5-4E46-89A7-046517A04527}
	EndGlobalSection
EndGlobal
